
Microsoft Visual Studio Solution File, Format Version 12.00
Project("{2150E333-8FDC-42A3-9474-1A3956D46DE8}") = "Src", "Src", "{F3C0EDEE-A856-42F3-B99B-6E10C4F0C64A}"
EndProject
Project("{2150E333-8FDC-42A3-9474-1A3956D46DE8}") = "Common", "Common", "{9BDA261A-D8AC-4912-8ACE-2CC6138B29E6}"
EndProject
Project("{2150E333-8FDC-42A3-9474-1A3956D46DE8}") = "Core", "Core", "{ADA3F615-A6F4-46D1-A2BA-9945C89E01DB}"
EndProject
Project("{2150E333-8FDC-42A3-9474-1A3956D46DE8}") = "Infrastructure", "Infrastructure", "{DB8F7502-AF5D-48D9-A8DE-5750DF0DC076}"
EndProject
Project("{2150E333-8FDC-42A3-9474-1A3956D46DE8}") = "Presentation", "Presentation", "{FBDDB2BF-0402-4A78-873A-18656427FEEE}"
EndProject
Project("{FAE04EC0-301F-11D3-BF4B-00C04F79EFBC}") = "inmind_session5_DDD.Common", "inmind_session5_DDD.Common\inmind_session5_DDD.Common.csproj", "{84E7E9CD-1CA5-4662-A2A2-1B1924B0144F}"
EndProject
Project("{FAE04EC0-301F-11D3-BF4B-00C04F79EFBC}") = "inmind_session5_DDD.Application", "inmind_session5_DDD.Application\inmind_session5_DDD.Application.csproj", "{022832C6-6FC3-42CA-9514-B3E766683253}"
EndProject
Project("{FAE04EC0-301F-11D3-BF4B-00C04F79EFBC}") = "inmind_session5_DDD.Domain", "inmind_session5_DDD.Domain\inmind_session5_DDD.Domain.csproj", "{309AC237-CE70-4747-90F4-BF8A54762C85}"
EndProject
Project("{FAE04EC0-301F-11D3-BF4B-00C04F79EFBC}") = "inmind_session5_DDD.Infrastructure", "inmind_session5_DDD.Infrastructure\inmind_session5_DDD.Infrastructure.csproj", "{549FFB46-B0F5-4EF9-82A4-C90A5ABBDF69}"
EndProject
Project("{FAE04EC0-301F-11D3-BF4B-00C04F79EFBC}") = "inmind_session5_DDD.Persistence", "inmind_session5_DDD.Persistence\inmind_session5_DDD.Persistence.csproj", "{3B03F97C-3087-4E22-B8CB-979166D68554}"
EndProject
Project("{FAE04EC0-301F-11D3-BF4B-00C04F79EFBC}") = "inmind_session5_DDD.API", "inmind_session5_DDD.API\inmind_session5_DDD.API.csproj", "{BADA695D-E75A-4C4D-87E8-9810AC8E3E7A}"
EndProject
Global
	GlobalSection(SolutionConfigurationPlatforms) = preSolution
		Debug|Any CPU = Debug|Any CPU
		Release|Any CPU = Release|Any CPU
	EndGlobalSection
	GlobalSection(NestedProjects) = preSolution
		{9BDA261A-D8AC-4912-8ACE-2CC6138B29E6} = {F3C0EDEE-A856-42F3-B99B-6E10C4F0C64A}
		{ADA3F615-A6F4-46D1-A2BA-9945C89E01DB} = {F3C0EDEE-A856-42F3-B99B-6E10C4F0C64A}
		{DB8F7502-AF5D-48D9-A8DE-5750DF0DC076} = {F3C0EDEE-A856-42F3-B99B-6E10C4F0C64A}
		{FBDDB2BF-0402-4A78-873A-18656427FEEE} = {F3C0EDEE-A856-42F3-B99B-6E10C4F0C64A}
		{84E7E9CD-1CA5-4662-A2A2-1B1924B0144F} = {9BDA261A-D8AC-4912-8ACE-2CC6138B29E6}
		{022832C6-6FC3-42CA-9514-B3E766683253} = {ADA3F615-A6F4-46D1-A2BA-9945C89E01DB}
		{309AC237-CE70-4747-90F4-BF8A54762C85} = {ADA3F615-A6F4-46D1-A2BA-9945C89E01DB}
		{549FFB46-B0F5-4EF9-82A4-C90A5ABBDF69} = {DB8F7502-AF5D-48D9-A8DE-5750DF0DC076}
		{3B03F97C-3087-4E22-B8CB-979166D68554} = {DB8F7502-AF5D-48D9-A8DE-5750DF0DC076}
		{BADA695D-E75A-4C4D-87E8-9810AC8E3E7A} = {FBDDB2BF-0402-4A78-873A-18656427FEEE}
	EndGlobalSection
	GlobalSection(ProjectConfigurationPlatforms) = postSolution
		{84E7E9CD-1CA5-4662-A2A2-1B1924B0144F}.Debug|Any CPU.ActiveCfg = Debug|Any CPU
		{84E7E9CD-1CA5-4662-A2A2-1B1924B0144F}.Debug|Any CPU.Build.0 = Debug|Any CPU
		{84E7E9CD-1CA5-4662-A2A2-1B1924B0144F}.Release|Any CPU.ActiveCfg = Release|Any CPU
		{84E7E9CD-1CA5-4662-A2A2-1B1924B0144F}.Release|Any CPU.Build.0 = Release|Any CPU
		{022832C6-6FC3-42CA-9514-B3E766683253}.Debug|Any CPU.ActiveCfg = Debug|Any CPU
		{022832C6-6FC3-42CA-9514-B3E766683253}.Debug|Any CPU.Build.0 = Debug|Any CPU
		{022832C6-6FC3-42CA-9514-B3E766683253}.Release|Any CPU.ActiveCfg = Release|Any CPU
		{022832C6-6FC3-42CA-9514-B3E766683253}.Release|Any CPU.Build.0 = Release|Any CPU
		{309AC237-CE70-4747-90F4-BF8A54762C85}.Debug|Any CPU.ActiveCfg = Debug|Any CPU
		{309AC237-CE70-4747-90F4-BF8A54762C85}.Debug|Any CPU.Build.0 = Debug|Any CPU
		{309AC237-CE70-4747-90F4-BF8A54762C85}.Release|Any CPU.ActiveCfg = Release|Any CPU
		{309AC237-CE70-4747-90F4-BF8A54762C85}.Release|Any CPU.Build.0 = Release|Any CPU
		{549FFB46-B0F5-4EF9-82A4-C90A5ABBDF69}.Debug|Any CPU.ActiveCfg = Debug|Any CPU
		{549FFB46-B0F5-4EF9-82A4-C90A5ABBDF69}.Debug|Any CPU.Build.0 = Debug|Any CPU
		{549FFB46-B0F5-4EF9-82A4-C90A5ABBDF69}.Release|Any CPU.ActiveCfg = Release|Any CPU
		{549FFB46-B0F5-4EF9-82A4-C90A5ABBDF69}.Release|Any CPU.Build.0 = Release|Any CPU
		{3B03F97C-3087-4E22-B8CB-979166D68554}.Debug|Any CPU.ActiveCfg = Debug|Any CPU
		{3B03F97C-3087-4E22-B8CB-979166D68554}.Debug|Any CPU.Build.0 = Debug|Any CPU
		{3B03F97C-3087-4E22-B8CB-979166D68554}.Release|Any CPU.ActiveCfg = Release|Any CPU
		{3B03F97C-3087-4E22-B8CB-979166D68554}.Release|Any CPU.Build.0 = Release|Any CPU
		{BADA695D-E75A-4C4D-87E8-9810AC8E3E7A}.Debug|Any CPU.ActiveCfg = Debug|Any CPU
		{BADA695D-E75A-4C4D-87E8-9810AC8E3E7A}.Debug|Any CPU.Build.0 = Debug|Any CPU
		{BADA695D-E75A-4C4D-87E8-9810AC8E3E7A}.Release|Any CPU.ActiveCfg = Release|Any CPU
		{BADA695D-E75A-4C4D-87E8-9810AC8E3E7A}.Release|Any CPU.Build.0 = Release|Any CPU
	EndGlobalSection
EndGlobal
